
Microsoft Visual Studio Solution File, Format Version 12.00
# Visual Studio Version 16
VisualStudioVersion = 16.0.31729.503
MinimumVisualStudioVersion = 10.0.40219.1
Project("{FAE04EC0-301F-11D3-BF4B-00C04F79EFBC}") = "MvvmGuia.Android", "MvvmGuia.Android\MvvmGuia.Android.csproj", "{7FBCE591-FBB3-4FEF-9897-E9028EA6B127}"
EndProject
Project("{FAE04EC0-301F-11D3-BF4B-00C04F79EFBC}") = "MvvmGuia.iOS", "MvvmGuia.iOS\MvvmGuia.iOS.csproj", "{71E93F86-1E27-401E-A3A2-4F9435530723}"
EndProject
Project("{FAE04EC0-301F-11D3-BF4B-00C04F79EFBC}") = "MvvmGuia", "MvvmGuia\MvvmGuia.csproj", "{4710B763-142F-4694-937B-06D15A2D12FF}"
EndProject
Global
	GlobalSection(SolutionConfigurationPlatforms) = preSolution
		Debug|Any CPU = Debug|Any CPU
		Debug|iPhone = Debug|iPhone
		Debug|iPhoneSimulator = Debug|iPhoneSimulator
		Release|Any CPU = Release|Any CPU
		Release|iPhone = Release|iPhone
		Release|iPhoneSimulator = Release|iPhoneSimulator
	EndGlobalSection
	GlobalSection(ProjectConfigurationPlatforms) = postSolution
		{7FBCE591-FBB3-4FEF-9897-E9028EA6B127}.Debug|Any CPU.ActiveCfg = Debug|Any CPU
		{7FBCE591-FBB3-4FEF-9897-E9028EA6B127}.Debug|Any CPU.Build.0 = Debug|Any CPU
		{7FBCE591-FBB3-4FEF-9897-E9028EA6B127}.Debug|Any CPU.Deploy.0 = Debug|Any CPU
		{7FBCE591-FBB3-4FEF-9897-E9028EA6B127}.Debug|iPhone.ActiveCfg = Debug|Any CPU
		{7FBCE591-FBB3-4FEF-9897-E9028EA6B127}.Debug|iPhone.Build.0 = Debug|Any CPU
		{7FBCE591-FBB3-4FEF-9897-E9028EA6B127}.Debug|iPhone.Deploy.0 = Debug|Any CPU
		{7FBCE591-FBB3-4FEF-9897-E9028EA6B127}.Debug|iPhoneSimulator.ActiveCfg = Debug|Any CPU
		{7FBCE591-FBB3-4FEF-9897-E9028EA6B127}.Debug|iPhoneSimulator.Build.0 = Debug|Any CPU
		{7FBCE591-FBB3-4FEF-9897-E9028EA6B127}.Debug|iPhoneSimulator.Deploy.0 = Debug|Any CPU
		{7FBCE591-FBB3-4FEF-9897-E9028EA6B127}.Release|Any CPU.ActiveCfg = Release|Any CPU
		{7FBCE591-FBB3-4FEF-9897-E9028EA6B127}.Release|Any CPU.Build.0 = Release|Any CPU
		{7FBCE591-FBB3-4FEF-9897-E9028EA6B127}.Release|Any CPU.Deploy.0 = Release|Any CPU
		{7FBCE591-FBB3-4FEF-9897-E9028EA6B127}.Release|iPhone.ActiveCfg = Release|Any CPU
		{7FBCE591-FBB3-4FEF-9897-E9028EA6B127}.Release|iPhone.Build.0 = Release|Any CPU
		{7FBCE591-FBB3-4FEF-9897-E9028EA6B127}.Release|iPhone.Deploy.0 = Release|Any CPU
		{7FBCE591-FBB3-4FEF-9897-E9028EA6B127}.Release|iPhoneSimulator.ActiveCfg = Release|Any CPU
		{7FBCE591-FBB3-4FEF-9897-E9028EA6B127}.Release|iPhoneSimulator.Build.0 = Release|Any CPU
		{7FBCE591-FBB3-4FEF-9897-E9028EA6B127}.Release|iPhoneSimulator.Deploy.0 = Release|Any CPU
		{71E93F86-1E27-401E-A3A2-4F9435530723}.Debug|Any CPU.ActiveCfg = Debug|iPhone
		{71E93F86-1E27-401E-A3A2-4F9435530723}.Debug|Any CPU.Build.0 = Debug|iPhone
		{71E93F86-1E27-401E-A3A2-4F9435530723}.Debug|Any CPU.Deploy.0 = Debug|iPhone
		{71E93F86-1E27-401E-A3A2-4F9435530723}.Debug|iPhone.ActiveCfg = Debug|iPhone
		{71E93F86-1E27-401E-A3A2-4F9435530723}.Debug|iPhone.Build.0 = Debug|iPhone
		{71E93F86-1E27-401E-A3A2-4F9435530723}.Debug|iPhone.Deploy.0 = Debug|iPhone
		{71E93F86-1E27-401E-A3A2-4F9435530723}.Debug|iPhoneSimulator.ActiveCfg = Debug|iPhoneSimulator
		{71E93F86-1E27-401E-A3A2-4F9435530723}.Debug|iPhoneSimulator.Build.0 = Debug|iPhoneSimulator
		{71E93F86-1E27-401E-A3A2-4F9435530723}.Debug|iPhoneSimulator.Deploy.0 = Debug|iPhoneSimulator
		{71E93F86-1E27-401E-A3A2-4F9435530723}.Release|Any CPU.ActiveCfg = Release|iPhoneSimulator
		{71E93F86-1E27-401E-A3A2-4F9435530723}.Release|Any CPU.Build.0 = Release|iPhoneSimulator
		{71E93F86-1E27-401E-A3A2-4F9435530723}.Release|Any CPU.Deploy.0 = Release|iPhoneSimulator
		{71E93F86-1E27-401E-A3A2-4F9435530723}.Release|iPhone.ActiveCfg = Release|iPhone
		{71E93F86-1E27-401E-A3A2-4F9435530723}.Release|iPhone.Build.0 = Release|iPhone
		{71E93F86-1E27-401E-A3A2-4F9435530723}.Release|iPhone.Deploy.0 = Release|iPhone
		{71E93F86-1E27-401E-A3A2-4F9435530723}.Release|iPhoneSimulator.ActiveCfg = Release|iPhoneSimulator
		{71E93F86-1E27-401E-A3A2-4F9435530723}.Release|iPhoneSimulator.Build.0 = Release|iPhoneSimulator
		{71E93F86-1E27-401E-A3A2-4F9435530723}.Release|iPhoneSimulator.Deploy.0 = Release|iPhoneSimulator
		{4710B763-142F-4694-937B-06D15A2D12FF}.Debug|Any CPU.ActiveCfg = Debug|Any CPU
		{4710B763-142F-4694-937B-06D15A2D12FF}.Debug|Any CPU.Build.0 = Debug|Any CPU
		{4710B763-142F-4694-937B-06D15A2D12FF}.Debug|Any CPU.Deploy.0 = Debug|Any CPU
		{4710B763-142F-4694-937B-06D15A2D12FF}.Debug|iPhone.ActiveCfg = Debug|Any CPU
		{4710B763-142F-4694-937B-06D15A2D12FF}.Debug|iPhone.Build.0 = Debug|Any CPU
		{4710B763-142F-4694-937B-06D15A2D12FF}.Debug|iPhone.Deploy.0 = Debug|Any CPU
		{4710B763-142F-4694-937B-06D15A2D12FF}.Debug|iPhoneSimulator.ActiveCfg = Debug|Any CPU
		{4710B763-142F-4694-937B-06D15A2D12FF}.Debug|iPhoneSimulator.Build.0 = Debug|Any CPU
		{4710B763-142F-4694-937B-06D15A2D12FF}.Debug|iPhoneSimulator.Deploy.0 = Debug|Any CPU
		{4710B763-142F-4694-937B-06D15A2D12FF}.Release|Any CPU.ActiveCfg = Release|Any CPU
		{4710B763-142F-4694-937B-06D15A2D12FF}.Release|Any CPU.Build.0 = Release|Any CPU
		{4710B763-142F-4694-937B-06D15A2D12FF}.Release|Any CPU.Deploy.0 = Release|Any CPU
		{4710B763-142F-4694-937B-06D15A2D12FF}.Release|iPhone.ActiveCfg = Release|Any CPU
		{4710B763-142F-4694-937B-06D15A2D12FF}.Release|iPhone.Build.0 = Release|Any CPU
		{4710B763-142F-4694-937B-06D15A2D12FF}.Release|iPhone.Deploy.0 = Release|Any CPU
		{4710B763-142F-4694-937B-06D15A2D12FF}.Release|iPhoneSimulator.ActiveCfg = Release|Any CPU
		{4710B763-142F-4694-937B-06D15A2D12FF}.Release|iPhoneSimulator.Build.0 = Release|Any CPU
		{4710B763-142F-4694-937B-06D15A2D12FF}.Release|iPhoneSimulator.Deploy.0 = Release|Any CPU
	EndGlobalSection
	GlobalSection(SolutionProperties) = preSolution
		HideSolutionNode = FALSE
	EndGlobalSection
	GlobalSection(ExtensibilityGlobals) = postSolution
		SolutionGuid = {D35E4F90-81EE-449D-863F-FDD581FDA465}
	EndGlobalSection
EndGlobal
